// !$*UTF8*$!
{
	archiveVersion = 1;
	classes = {
	};
	objectVersion = 50;
	objects = {

/* Begin PBXBuildFile section */
		D7B1D6CA24E1CDD70082C9CC /* AppDelegate.swift in Sources */ = {isa = PBXBuildFile; fileRef = D7B1D6C924E1CDD70082C9CC /* AppDelegate.swift */; };
		D7B1D6CC24E1CDD70082C9CC /* SceneDelegate.swift in Sources */ = {isa = PBXBuildFile; fileRef = D7B1D6CB24E1CDD70082C9CC /* SceneDelegate.swift */; };
		D7B1D6D124E1CDD70082C9CC /* Main.storyboard in Resources */ = {isa = PBXBuildFile; fileRef = D7B1D6CF24E1CDD70082C9CC /* Main.storyboard */; };
		D7B1D6D424E1CDD70082C9CC /* ToDoList.xcdatamodeld in Sources */ = {isa = PBXBuildFile; fileRef = D7B1D6D224E1CDD70082C9CC /* ToDoList.xcdatamodeld */; };
		D7B1D6D624E1CDDC0082C9CC /* Assets.xcassets in Resources */ = {isa = PBXBuildFile; fileRef = D7B1D6D524E1CDDC0082C9CC /* Assets.xcassets */; };
		D7B1D6D924E1CDDC0082C9CC /* LaunchScreen.storyboard in Resources */ = {isa = PBXBuildFile; fileRef = D7B1D6D724E1CDDC0082C9CC /* LaunchScreen.storyboard */; };
		D7B1D6E124E1D0950082C9CC /* ToDoTableViewController.swift in Sources */ = {isa = PBXBuildFile; fileRef = D7B1D6E024E1D0950082C9CC /* ToDoTableViewController.swift */; };
		D7B1D6E324E243F80082C9CC /* ToDo.swift in Sources */ = {isa = PBXBuildFile; fileRef = D7B1D6E224E243F80082C9CC /* ToDo.swift */; };
		D7B1D6E524E248800082C9CC /* AddToDoViewController.swift in Sources */ = {isa = PBXBuildFile; fileRef = D7B1D6E424E248800082C9CC /* AddToDoViewController.swift */; };
		D7B1D6E724E24B290082C9CC /* CompletedToDoViewController.swift in Sources */ = {isa = PBXBuildFile; fileRef = D7B1D6E624E24B290082C9CC /* CompletedToDoViewController.swift */; };
/* End PBXBuildFile section */

/* Begin PBXFileReference section */
		D7B1D6C624E1CDD70082C9CC /* ToDoList.app */ = {isa = PBXFileReference; explicitFileType = wrapper.application; includeInIndex = 0; path = ToDoList.app; sourceTree = BUILT_PRODUCTS_DIR; };
		D7B1D6C924E1CDD70082C9CC /* AppDelegate.swift */ = {isa = PBXFileReference; lastKnownFileType = sourcecode.swift; path = AppDelegate.swift; sourceTree = "<group>"; };
		D7B1D6CB24E1CDD70082C9CC /* SceneDelegate.swift */ = {isa = PBXFileReference; lastKnownFileType = sourcecode.swift; path = SceneDelegate.swift; sourceTree = "<group>"; };
		D7B1D6D024E1CDD70082C9CC /* Base */ = {isa = PBXFileReference; lastKnownFileType = file.storyboard; name = Base; path = Base.lproj/Main.storyboard; sourceTree = "<group>"; };
		D7B1D6D324E1CDD70082C9CC /* ToDoList.xcdatamodel */ = {isa = PBXFileReference; lastKnownFileType = wrapper.xcdatamodel; path = ToDoList.xcdatamodel; sourceTree = "<group>"; };
		D7B1D6D524E1CDDC0082C9CC /* Assets.xcassets */ = {isa = PBXFileReference; lastKnownFileType = folder.assetcatalog; path = Assets.xcassets; sourceTree = "<group>"; };
		D7B1D6D824E1CDDC0082C9CC /* Base */ = {isa = PBXFileReference; lastKnownFileType = file.storyboard; name = Base; path = Base.lproj/LaunchScreen.storyboard; sourceTree = "<group>"; };
		D7B1D6DA24E1CDDC0082C9CC /* Info.plist */ = {isa = PBXFileReference; lastKnownFileType = text.plist.xml; path = Info.plist; sourceTree = "<group>"; };
		D7B1D6E024E1D0950082C9CC /* ToDoTableViewController.swift */ = {isa = PBXFileReference; lastKnownFileType = sourcecode.swift; path = ToDoTableViewController.swift; sourceTree = "<group>"; };
		D7B1D6E224E243F80082C9CC /* ToDo.swift */ = {isa = PBXFileReference; lastKnownFileType = sourcecode.swift; path = ToDo.swift; sourceTree = "<group>"; };
		D7B1D6E424E248800082C9CC /* AddToDoViewController.swift */ = {isa = PBXFileReference; lastKnownFileType = sourcecode.swift; path = AddToDoViewController.swift; sourceTree = "<group>"; };
		D7B1D6E624E24B290082C9CC /* CompletedToDoViewController.swift */ = {isa = PBXFileReference; lastKnownFileType = sourcecode.swift; path = CompletedToDoViewController.swift; sourceTree = "<group>"; };
/* End PBXFileReference section */

/* Begin PBXFrameworksBuildPhase section */
		D7B1D6C324E1CDD70082C9CC /* Frameworks */ = {
			isa = PBXFrameworksBuildPhase;
			buildActionMask = 2147483647;
			files = (
			);
			runOnlyForDeploymentPostprocessing = 0;
		};
/* End PBXFrameworksBuildPhase section */

/* Begin PBXGroup section */
		D7B1D6BD24E1CDD70082C9CC = {
			isa = PBXGroup;
			children = (
				D7B1D6C824E1CDD70082C9CC /* ToDoList */,
				D7B1D6C724E1CDD70082C9CC /* Products */,
			);
			sourceTree = "<group>";
		};
		D7B1D6C724E1CDD70082C9CC /* Products */ = {
			isa = PBXGroup;
			children = (
				D7B1D6C624E1CDD70082C9CC /* ToDoList.app */,
			);
			name = Products;
			sourceTree = "<group>";
		};
		D7B1D6C824E1CDD70082C9CC /* ToDoList */ = {
			isa = PBXGroup;
			children = (
				D7B1D6E424E248800082C9CC /* AddToDoViewController.swift */,
				D7B1D6E024E1D0950082C9CC /* ToDoTableViewController.swift */,
				D7B1D6C924E1CDD70082C9CC /* AppDelegate.swift */,
				D7B1D6CB24E1CDD70082C9CC /* SceneDelegate.swift */,
				D7B1D6CF24E1CDD70082C9CC /* Main.storyboard */,
				D7B1D6E624E24B290082C9CC /* CompletedToDoViewController.swift */,
				D7B1D6E224E243F80082C9CC /* ToDo.swift */,
				D7B1D6D524E1CDDC0082C9CC /* Assets.xcassets */,
				D7B1D6D724E1CDDC0082C9CC /* LaunchScreen.storyboard */,
				D7B1D6DA24E1CDDC0082C9CC /* Info.plist */,
				D7B1D6D224E1CDD70082C9CC /* ToDoList.xcdatamodeld */,
			);
			path = ToDoList;
			sourceTree = "<group>";
		};
/* End PBXGroup section */

/* Begin PBXNativeTarget section */
		D7B1D6C524E1CDD70082C9CC /* ToDoList */ = {
			isa = PBXNativeTarget;
			buildConfigurationList = D7B1D6DD24E1CDDC0082C9CC /* Build configuration list for PBXNativeTarget "ToDoList" */;
			buildPhases = (
				D7B1D6C224E1CDD70082C9CC /* Sources */,
				D7B1D6C324E1CDD70082C9CC /* Frameworks */,
				D7B1D6C424E1CDD70082C9CC /* Resources */,
			);
			buildRules = (
			);
			dependencies = (
			);
			name = ToDoList;
			productName = ToDoList;
			productReference = D7B1D6C624E1CDD70082C9CC /* ToDoList.app */;
			productType = "com.apple.product-type.application";
		};
/* End PBXNativeTarget section */

/* Begin PBXProject section */
		D7B1D6BE24E1CDD70082C9CC /* Project object */ = {
			isa = PBXProject;
			attributes = {
				LastSwiftUpdateCheck = 1130;
				LastUpgradeCheck = 1130;
				ORGANIZATIONNAME = "Roshni Surpur";
				TargetAttributes = {
					D7B1D6C524E1CDD70082C9CC = {
						CreatedOnToolsVersion = 11.3.1;
					};
				};
			};
			buildConfigurationList = D7B1D6C124E1CDD70082C9CC /* Build configuration list for PBXProject "ToDoList" */;
			compatibilityVersion = "Xcode 9.3";
			developmentRegion = en;
			hasScannedForEncodings = 0;
			knownRegions = (
				en,
				Base,
			);
			mainGroup = D7B1D6BD24E1CDD70082C9CC;
			productRefGroup = D7B1D6C724E1CDD70082C9CC /* Products */;
			projectDirPath = "";
			projectRoot = "";
			targets = (
				D7B1D6C524E1CDD70082C9CC /* ToDoList */,
			);
		};
/* End PBXProject section */

/* Begin PBXResourcesBuildPhase section */
		D7B1D6C424E1CDD70082C9CC /* Resources */ = {
			isa = PBXResourcesBuildPhase;
			buildActionMask = 2147483647;
			files = (
				D7B1D6D924E1CDDC0082C9CC /* LaunchScreen.storyboard in Resources */,
				D7B1D6D624E1CDDC0082C9CC /* Assets.xcassets in Resources */,
				D7B1D6D124E1CDD70082C9CC /* Main.storyboard in Resources */,
			);
			runOnlyForDeploymentPostprocessing = 0;
		};
/* End PBXResourcesBuildPhase section */

/* Begin PBXSourcesBuildPhase section */
		D7B1D6C224E1CDD70082C9CC /* Sources */ = {
			isa = PBXSourcesBuildPhase;
			buildActionMask = 2147483647;
			files = (
				D7B1D6CA24E1CDD70082C9CC /* AppDelegate.swift in Sources */,
				D7B1D6E324E243F80082C9CC /* ToDo.swift in Sources */,
				D7B1D6E124E1D0950082C9CC /* ToDoTableViewController.swift in Sources */,
				D7B1D6E724E24B290082C9CC /* CompletedToDoViewController.swift in Sources */,
				D7B1D6CC24E1CDD70082C9CC /* SceneDelegate.swift in Sources */,
				D7B1D6E524E248800082C9CC /* AddToDoViewController.swift in Sources */,
				D7B1D6D424E1CDD70082C9CC /* ToDoList.xcdatamodeld in Sources */,
			);
			runOnlyForDeploymentPostprocessing = 0;
		};
/* End PBXSourcesBuildPhase section */

/* Begin PBXVariantGroup section */
		D7B1D6CF24E1CDD70082C9CC /* Main.storyboard */ = {
			isa = PBXVariantGroup;
			children = (
				D7B1D6D024E1CDD70082C9CC /* Base */,
			);
			name = Main.storyboard;
			sourceTree = "<group>";
		};
		D7B1D6D724E1CDDC0082C9CC /* LaunchScreen.storyboard */ = {
			isa = PBXVariantGroup;
			children = (
				D7B1D6D824E1CDDC0082C9CC /* Base */,
			);
			name = LaunchScreen.storyboard;
			sourceTree = "<group>";
		};
/* End PBXVariantGroup section */

/* Begin XCBuildConfiguration section */
		D7B1D6DB24E1CDDC0082C9CC /* Debug */ = {
			isa = XCBuildConfiguration;
			buildSettings = {
				ALWAYS_SEARCH_USER_PATHS = NO;
				CLANG_ANALYZER_NONNULL = YES;
				CLANG_ANALYZER_NUMBER_OBJECT_CONVERSION = YES_AGGRESSIVE;
				CLANG_CXX_LANGUAGE_STANDARD = "gnu++14";
				CLANG_CXX_LIBRARY = "libc++";
				CLANG_ENABLE_MODULES = YES;
				CLANG_ENABLE_OBJC_ARC = YES;
				CLANG_ENABLE_OBJC_WEAK = YES;
				CLANG_WARN_BLOCK_CAPTURE_AUTORELEASING = YES;
				CLANG_WARN_BOOL_CONVERSION = YES;
				CLANG_WARN_COMMA = YES;
				CLANG_WARN_CONSTANT_CONVERSION = YES;
				CLANG_WARN_DEPRECATED_OBJC_IMPLEMENTATIONS = YES;
				CLANG_WARN_DIRECT_OBJC_ISA_USAGE = YES_ERROR;
				CLANG_WARN_DOCUMENTATION_COMMENTS = YES;
				CLANG_WARN_EMPTY_BODY = YES;
				CLANG_WARN_ENUM_CONVERSION = YES;
				CLANG_WARN_INFINITE_RECURSION = YES;
				CLANG_WARN_INT_CONVERSION = YES;
				CLANG_WARN_NON_LITERAL_NULL_CONVERSION = YES;
				CLANG_WARN_OBJC_IMPLICIT_RETAIN_SELF = YES;
				CLANG_WARN_OBJC_LITERAL_CONVERSION = YES;
				CLANG_WARN_OBJC_ROOT_CLASS = YES_ERROR;
				CLANG_WARN_RANGE_LOOP_ANALYSIS = YES;
				CLANG_WARN_STRICT_PROTOTYPES = YES;
				CLANG_WARN_SUSPICIOUS_MOVE = YES;
				CLANG_WARN_UNGUARDED_AVAILABILITY = YES_AGGRESSIVE;
				CLANG_WARN_UNREACHABLE_CODE = YES;
				CLANG_WARN__DUPLICATE_METHOD_MATCH = YES;
				COPY_PHASE_STRIP = NO;
				DEBUG_INFORMATION_FORMAT = dwarf;
				ENABLE_STRICT_OBJC_MSGSEND = YES;
				ENABLE_TESTABILITY = YES;
				GCC_C_LANGUAGE_STANDARD = gnu11;
				GCC_DYNAMIC_NO_PIC = NO;
				GCC_NO_COMMON_BLOCKS = YES;
				GCC_OPTIMIZATION_LEVEL = 0;
				GCC_PREPROCESSOR_DEFINITIONS = (
					"DEBUG=1",
					"$(inherited)",
				);
				GCC_WARN_64_TO_32_BIT_CONVERSION = YES;
				GCC_WARN_ABOUT_RETURN_TYPE = YES_ERROR;
				GCC_WARN_UNDECLARED_SELECTOR = YES;
				GCC_WARN_UNINITIALIZED_AUTOS = YES_AGGRESSIVE;
				GCC_WARN_UNUSED_FUNCTION = YES;
				GCC_WARN_UNUSED_VARIABLE = YES;
				IPHONEOS_DEPLOYMENT_TARGET = 13.2;
				MTL_ENABLE_DEBUG_INFO = INCLUDE_SOURCE;
				MTL_FAST_MATH = YES;
				ONLY_ACTIVE_ARCH = YES;
				SDKROOT = iphoneos;
				SWIFT_ACTIVE_COMPILATION_CONDITIONS = DEBUG;
				SWIFT_OPTIMIZATION_LEVEL = "-Onone";
			};
			name = Debug;
		};
		D7B1D6DC24E1CDDC0082C9CC /* Release */ = {
			isa = XCBuildConfiguration;
			buildSettings = {
				ALWAYS_SEARCH_USER_PATHS = NO;
				CLANG_ANALYZER_NONNULL = YES;
				CLANG_ANALYZER_NUMBER_OBJECT_CONVERSION = YES_AGGRESSIVE;
				CLANG_CXX_LANGUAGE_STANDARD = "gnu++14";
				CLANG_CXX_LIBRARY = "libc++";
				CLANG_ENABLE_MODULES = YES;
				CLANG_ENABLE_OBJC_ARC = YES;
				CLANG_ENABLE_OBJC_WEAK = YES;
				CLANG_WARN_BLOCK_CAPTURE_AUTORELEASING = YES;
				CLANG_WARN_BOOL_CONVERSION = YES;
				CLANG_WARN_COMMA = YES;
				CLANG_WARN_CONSTANT_CONVERSION = YES;
				CLANG_WARN_DEPRECATED_OBJC_IMPLEMENTATIONS = YES;
				CLANG_WARN_DIRECT_OBJC_ISA_USAGE = YES_ERROR;
				CLANG_WARN_DOCUMENTATION_COMMENTS = YES;
				CLANG_WARN_EMPTY_BODY = YES;
				CLANG_WARN_ENUM_CONVERSION = YES;
				CLANG_WARN_INFINITE_RECURSION = YES;
				CLANG_WARN_INT_CONVERSION = YES;
				CLANG_WARN_NON_LITERAL_NULL_CONVERSION = YES;
				CLANG_WARN_OBJC_IMPLICIT_RETAIN_SELF = YES;
				CLANG_WARN_OBJC_LITERAL_CONVERSION = YES;
				CLANG_WARN_OBJC_ROOT_CLASS = YES_ERROR;
				CLANG_WARN_RANGE_LOOP_ANALYSIS = YES;
				CLANG_WARN_STRICT_PROTOTYPES = YES;
				CLANG_WARN_SUSPICIOUS_MOVE = YES;
				CLANG_WARN_UNGUARDED_AVAILABILITY = YES_AGGRESSIVE;
				CLANG_WARN_UNREACHABLE_CODE = YES;
				CLANG_WARN__DUPLICATE_METHOD_MATCH = YES;
				COPY_PHASE_STRIP = NO;
				DEBUG_INFORMATION_FORMAT = "dwarf-with-dsym";
				ENABLE_NS_ASSERTIONS = NO;
				ENABLE_STRICT_OBJC_MSGSEND = YES;
				GCC_C_LANGUAGE_STANDARD = gnu11;
				GCC_NO_COMMON_BLOCKS = YES;
				GCC_WARN_64_TO_32_BIT_CONVERSION = YES;
				GCC_WARN_ABOUT_RETURN_TYPE = YES_ERROR;
				GCC_WARN_UNDECLARED_SELECTOR = YES;
				GCC_WARN_UNINITIALIZED_AUTOS = YES_AGGRESSIVE;
				GCC_WARN_UNUSED_FUNCTION = YES;
				GCC_WARN_UNUSED_VARIABLE = YES;
				IPHONEOS_DEPLOYMENT_TARGET = 13.2;
				MTL_ENABLE_DEBUG_INFO = NO;
				MTL_FAST_MATH = YES;
				SDKROOT = iphoneos;
				SWIFT_COMPILATION_MODE = wholemodule;
				SWIFT_OPTIMIZATION_LEVEL = "-O";
				VALIDATE_PRODUCT = YES;
			};
			name = Release;
		};
		D7B1D6DE24E1CDDC0082C9CC /* Debug */ = {
			isa = XCBuildConfiguration;
			buildSettings = {
				ASSETCATALOG_COMPILER_APPICON_NAME = AppIcon;
				CODE_SIGN_STYLE = Automatic;
				DEVELOPMENT_TEAM = A4Y5Y9HZ5W;
				INFOPLIST_FILE = ToDoList/Info.plist;
				LD_RUNPATH_SEARCH_PATHS = (
					"$(inherited)",
					"@executable_path/Frameworks",
				);
				PRODUCT_BUNDLE_IDENTIFIER = KWK.ToDoList;
				PRODUCT_NAME = "$(TARGET_NAME)";
				SWIFT_VERSION = 5.0;
				TARGETED_DEVICE_FAMILY = "1,2";
			};
			name = Debug;
		};
		D7B1D6DF24E1CDDC0082C9CC /* Release */ = {
			isa = XCBuildConfiguration;
			buildSettings = {
				ASSETCATALOG_COMPILER_APPICON_NAME = AppIcon;
				CODE_SIGN_STYLE = Automatic;
				DEVELOPMENT_TEAM = A4Y5Y9HZ5W;
				INFOPLIST_FILE = ToDoList/Info.plist;
				LD_RUNPATH_SEARCH_PATHS = (
					"$(inherited)",
					"@executable_path/Frameworks",
				);
				PRODUCT_BUNDLE_IDENTIFIER = KWK.ToDoList;
				PRODUCT_NAME = "$(TARGET_NAME)";
				SWIFT_VERSION = 5.0;
				TARGETED_DEVICE_FAMILY = "1,2";
			};
			name = Release;
		};
/* End XCBuildConfiguration section */

/* Begin XCConfigurationList section */
		D7B1D6C124E1CDD70082C9CC /* Build configuration list for PBXProject "ToDoList" */ = {
			isa = XCConfigurationList;
			buildConfigurations = (
				D7B1D6DB24E1CDDC0082C9CC /* Debug */,
				D7B1D6DC24E1CDDC0082C9CC /* Release */,
			);
			defaultConfigurationIsVisible = 0;
			defaultConfigurationName = Release;
		};
		D7B1D6DD24E1CDDC0082C9CC /* Build configuration list for PBXNativeTarget "ToDoList" */ = {
			isa = XCConfigurationList;
			buildConfigurations = (
				D7B1D6DE24E1CDDC0082C9CC /* Debug */,
				D7B1D6DF24E1CDDC0082C9CC /* Release */,
			);
			defaultConfigurationIsVisible = 0;
			defaultConfigurationName = Release;
		};
/* End XCConfigurationList section */

/* Begin XCVersionGroup section */
		D7B1D6D224E1CDD70082C9CC /* ToDoList.xcdatamodeld */ = {
			isa = XCVersionGroup;
			children = (
				D7B1D6D324E1CDD70082C9CC /* ToDoList.xcdatamodel */,
			);
			currentVersion = D7B1D6D324E1CDD70082C9CC /* ToDoList.xcdatamodel */;
			path = ToDoList.xcdatamodeld;
			sourceTree = "<group>";
			versionGroupType = wrapper.xcdatamodel;
		};
/* End XCVersionGroup section */
	};
	rootObject = D7B1D6BE24E1CDD70082C9CC /* Project object */;
}
